// !$*UTF8*$!
{
	archiveVersion = 1;
	classes = {
	};
	objectVersion = 56;
	objects = {

/* Begin PBXBuildFile section */
		5211AEC54036E94200A97240 /* LaunchScreen.swift in Sources */ = {isa = PBXBuildFile; fileRef = 5211AEC44036E94200A97240 /* LaunchScreen.swift */; };
		5211AEC74036EAD900A97240 /* Launch Screen.storyboard in Resources */ = {isa = PBXBuildFile; fileRef = 5211AEC64036EAD900A97240 /* Launch Screen.storyboard */; };
		5211AEC94036EAD900A97240 /* CustomTextField.swift in Sources */ = {isa = PBXBuildFile; fileRef = 5211AEC84036EAD900A97240 /* CustomTextField.swift */; };
		522D978729AC97D800803BD9 /* Profile.swift in Sources */ = {isa = PBXBuildFile; fileRef = 522D978629AC97D800803BD9 /* Profile.swift */; };
		523164B640398D01001EB0FB /* CommonMethods.swift in Sources */ = {isa = PBXBuildFile; fileRef = 523164B540398D01001EB0FB /* CommonMethods.swift */; };
		52329D7729B72B3A00F7E9F5 /* NetworkManager.swift in Sources */ = {isa = PBXBuildFile; fileRef = 52329D7629B72B3A00F7E9F5 /* NetworkManager.swift */; };
		52329D7929B72BEB00F7E9F5 /* RestaurantModel.swift in Sources */ = {isa = PBXBuildFile; fileRef = 52329D7829B72BEB00F7E9F5 /* RestaurantModel.swift */; };
		5233AAF029ADE4870033B5C8 /* CustomNavigation.swift in Sources */ = {isa = PBXBuildFile; fileRef = 5233AAEF29ADE4870033B5C8 /* CustomNavigation.swift */; };
		5233AAF229ADF0720033B5C8 /* temp.swift in Sources */ = {isa = PBXBuildFile; fileRef = 5233AAF129ADF0720033B5C8 /* temp.swift */; };
		5237A6F529BF0AD7001EB134 /* DatabaseHelper.swift in Sources */ = {isa = PBXBuildFile; fileRef = 5237A6F429BF0AD7001EB134 /* DatabaseHelper.swift */; };
		523819F929A5D1EB00C5F0F7 /* Cart.swift in Sources */ = {isa = PBXBuildFile; fileRef = 523819F829A5D1EB00C5F0F7 /* Cart.swift */; };
		523819FB29A61E0000C5F0F7 /* TempSave.swift in Sources */ = {isa = PBXBuildFile; fileRef = 523819FA29A61E0000C5F0F7 /* TempSave.swift */; };
		5238224229C43A08006EE550 /* CartItemDish+CoreDataClass.swift in Sources */ = {isa = PBXBuildFile; fileRef = 5238223E29C43A08006EE550 /* CartItemDish+CoreDataClass.swift */; };
		5238224329C43A08006EE550 /* CartItemDish+CoreDataProperties.swift in Sources */ = {isa = PBXBuildFile; fileRef = 5238223F29C43A08006EE550 /* CartItemDish+CoreDataProperties.swift */; };
		5238224429C43A08006EE550 /* UserData+CoreDataClass.swift in Sources */ = {isa = PBXBuildFile; fileRef = 5238224029C43A08006EE550 /* UserData+CoreDataClass.swift */; };
		5238224529C43A08006EE550 /* UserData+CoreDataProperties.swift in Sources */ = {isa = PBXBuildFile; fileRef = 5238224129C43A08006EE550 /* UserData+CoreDataProperties.swift */; };
		5238A3D229B993C200932482 /* DishModel.swift in Sources */ = {isa = PBXBuildFile; fileRef = 5238A3D129B993C200932482 /* DishModel.swift */; };
		523E4B4A404803F700ED87DD /* LoadingScreen.swift in Sources */ = {isa = PBXBuildFile; fileRef = 523E4B49404803F700ED87DD /* LoadingScreen.swift */; };
		523E4B4C404803F700ED87DD /* RestaurantHomePage.swift in Sources */ = {isa = PBXBuildFile; fileRef = 523E4B4B404803F700ED87DD /* RestaurantHomePage.swift */; };
		526166A41A558EF8002D73DA /* FinalApp.swift in Sources */ = {isa = PBXBuildFile; fileRef = 526166A31A558EF8002D73DA /* FinalApp.swift */; };
		526166A61A558EF8002D73DA /* ContentView.swift in Sources */ = {isa = PBXBuildFile; fileRef = 526166A51A558EF8002D73DA /* ContentView.swift */; };
		526166A81A558EF9002D73DA /* Assets.xcassets in Resources */ = {isa = PBXBuildFile; fileRef = 526166A71A558EF9002D73DA /* Assets.xcassets */; };
		526166AB1A558EF9002D73DA /* Preview Assets.xcassets in Resources */ = {isa = PBXBuildFile; fileRef = 526166AA1A558EF9002D73DA /* Preview Assets.xcassets */; };
		526166AD1A558EFA002D73DA /* Persistence.swift in Sources */ = {isa = PBXBuildFile; fileRef = 526166AC1A558EFA002D73DA /* Persistence.swift */; };
		526166B01A558EFA002D73DA /* Final.xcdatamodeld in Sources */ = {isa = PBXBuildFile; fileRef = 526166AE1A558EFA002D73DA /* Final.xcdatamodeld */; };
		526166BA1A558EFA002D73DA /* FinalTests.swift in Sources */ = {isa = PBXBuildFile; fileRef = 526166B91A558EFA002D73DA /* FinalTests.swift */; };
		526166C41A558EFA002D73DA /* FinalUITests.swift in Sources */ = {isa = PBXBuildFile; fileRef = 526166C31A558EFA002D73DA /* FinalUITests.swift */; };
		526166C61A558EFA002D73DA /* FinalUITestsLaunchTests.swift in Sources */ = {isa = PBXBuildFile; fileRef = 526166C51A558EFA002D73DA /* FinalUITestsLaunchTests.swift */; };
		529676BB29A49BF300DF6267 /* NoWidthTextField.swift in Sources */ = {isa = PBXBuildFile; fileRef = 529676BA29A49BF300DF6267 /* NoWidthTextField.swift */; };
		529676BD29A4B57100DF6267 /* HomePage.swift in Sources */ = {isa = PBXBuildFile; fileRef = 529676BC29A4B57100DF6267 /* HomePage.swift */; };
		529676BF29A4B62600DF6267 /* DeliveryMenu.swift in Sources */ = {isa = PBXBuildFile; fileRef = 529676BE29A4B62600DF6267 /* DeliveryMenu.swift */; };
		529676C129A4B66200DF6267 /* GroceryMenu.swift in Sources */ = {isa = PBXBuildFile; fileRef = 529676C029A4B66200DF6267 /* GroceryMenu.swift */; };
		52BB038829AF50A8008D0AC7 /* FoodItemCell.swift in Sources */ = {isa = PBXBuildFile; fileRef = 52BB038729AF50A8008D0AC7 /* FoodItemCell.swift */; };
		52C8707E299E147C00491700 /* LoginPage.swift in Sources */ = {isa = PBXBuildFile; fileRef = 52C8707D299E147C00491700 /* LoginPage.swift */; };
		52C87082299E20B800491700 /* CustomPrimaryButton.swift in Sources */ = {isa = PBXBuildFile; fileRef = 52C87081299E20B800491700 /* CustomPrimaryButton.swift */; };
		52C87084299E213A00491700 /* CustomSecondaryButton.swift in Sources */ = {isa = PBXBuildFile; fileRef = 52C87083299E213A00491700 /* CustomSecondaryButton.swift */; };
		52C87086299E247C00491700 /* FirstPage.swift in Sources */ = {isa = PBXBuildFile; fileRef = 52C87085299E247C00491700 /* FirstPage.swift */; };
/* End PBXBuildFile section */

/* Begin PBXContainerItemProxy section */
		526166B61A558EFA002D73DA /* PBXContainerItemProxy */ = {
			isa = PBXContainerItemProxy;
			containerPortal = 526166981A558EF8002D73DA /* Project object */;
			proxyType = 1;
			remoteGlobalIDString = 5261669F1A558EF8002D73DA;
			remoteInfo = Final;
		};
		526166C01A558EFA002D73DA /* PBXContainerItemProxy */ = {
			isa = PBXContainerItemProxy;
			containerPortal = 526166981A558EF8002D73DA /* Project object */;
			proxyType = 1;
			remoteGlobalIDString = 5261669F1A558EF8002D73DA;
			remoteInfo = Final;
		};
/* End PBXContainerItemProxy section */

/* Begin PBXFileReference section */
		5211AEC44036E94200A97240 /* LaunchScreen.swift */ = {isa = PBXFileReference; lastKnownFileType = sourcecode.swift; path = LaunchScreen.swift; sourceTree = "<group>"; };
		5211AEC64036EAD900A97240 /* Launch Screen.storyboard */ = {isa = PBXFileReference; fileEncoding = 4; lastKnownFileType = file.storyboard; path = "Launch Screen.storyboard"; sourceTree = "<group>"; };
		5211AEC84036EAD900A97240 /* CustomTextField.swift */ = {isa = PBXFileReference; lastKnownFileType = sourcecode.swift; path = CustomTextField.swift; sourceTree = "<group>"; };
		522D978629AC97D800803BD9 /* Profile.swift */ = {isa = PBXFileReference; lastKnownFileType = sourcecode.swift; path = Profile.swift; sourceTree = "<group>"; };
		523164B540398D01001EB0FB /* CommonMethods.swift */ = {isa = PBXFileReference; lastKnownFileType = sourcecode.swift; path = CommonMethods.swift; sourceTree = "<group>"; };
		52329D7629B72B3A00F7E9F5 /* NetworkManager.swift */ = {isa = PBXFileReference; lastKnownFileType = sourcecode.swift; path = NetworkManager.swift; sourceTree = "<group>"; };
		52329D7829B72BEB00F7E9F5 /* RestaurantModel.swift */ = {isa = PBXFileReference; lastKnownFileType = sourcecode.swift; path = RestaurantModel.swift; sourceTree = "<group>"; };
		5233AAEF29ADE4870033B5C8 /* CustomNavigation.swift */ = {isa = PBXFileReference; lastKnownFileType = sourcecode.swift; path = CustomNavigation.swift; sourceTree = "<group>"; };
		5233AAF129ADF0720033B5C8 /* temp.swift */ = {isa = PBXFileReference; lastKnownFileType = sourcecode.swift; path = temp.swift; sourceTree = "<group>"; };
		5237A6F429BF0AD7001EB134 /* DatabaseHelper.swift */ = {isa = PBXFileReference; lastKnownFileType = sourcecode.swift; path = DatabaseHelper.swift; sourceTree = "<group>"; };
		523819F829A5D1EB00C5F0F7 /* Cart.swift */ = {isa = PBXFileReference; lastKnownFileType = sourcecode.swift; path = Cart.swift; sourceTree = "<group>"; };
		523819FA29A61E0000C5F0F7 /* TempSave.swift */ = {isa = PBXFileReference; lastKnownFileType = sourcecode.swift; path = TempSave.swift; sourceTree = "<group>"; };
		5238223E29C43A08006EE550 /* CartItemDish+CoreDataClass.swift */ = {isa = PBXFileReference; lastKnownFileType = sourcecode.swift; path = "CartItemDish+CoreDataClass.swift"; sourceTree = "<group>"; };
		5238223F29C43A08006EE550 /* CartItemDish+CoreDataProperties.swift */ = {isa = PBXFileReference; lastKnownFileType = sourcecode.swift; path = "CartItemDish+CoreDataProperties.swift"; sourceTree = "<group>"; };
		5238224029C43A08006EE550 /* UserData+CoreDataClass.swift */ = {isa = PBXFileReference; lastKnownFileType = sourcecode.swift; path = "UserData+CoreDataClass.swift"; sourceTree = "<group>"; };
		5238224129C43A08006EE550 /* UserData+CoreDataProperties.swift */ = {isa = PBXFileReference; lastKnownFileType = sourcecode.swift; path = "UserData+CoreDataProperties.swift"; sourceTree = "<group>"; };
		5238A3D129B993C200932482 /* DishModel.swift */ = {isa = PBXFileReference; lastKnownFileType = sourcecode.swift; path = DishModel.swift; sourceTree = "<group>"; };
		523E4B49404803F700ED87DD /* LoadingScreen.swift */ = {isa = PBXFileReference; lastKnownFileType = sourcecode.swift; path = LoadingScreen.swift; sourceTree = "<group>"; };
		523E4B4B404803F700ED87DD /* RestaurantHomePage.swift */ = {isa = PBXFileReference; lastKnownFileType = sourcecode.swift; path = RestaurantHomePage.swift; sourceTree = "<group>"; };
		526166A01A558EF8002D73DA /* Final.app */ = {isa = PBXFileReference; explicitFileType = wrapper.application; includeInIndex = 0; path = Final.app; sourceTree = BUILT_PRODUCTS_DIR; };
		526166A31A558EF8002D73DA /* FinalApp.swift */ = {isa = PBXFileReference; lastKnownFileType = sourcecode.swift; path = FinalApp.swift; sourceTree = "<group>"; };
		526166A51A558EF8002D73DA /* ContentView.swift */ = {isa = PBXFileReference; lastKnownFileType = sourcecode.swift; path = ContentView.swift; sourceTree = "<group>"; };
		526166A71A558EF9002D73DA /* Assets.xcassets */ = {isa = PBXFileReference; lastKnownFileType = folder.assetcatalog; path = Assets.xcassets; sourceTree = "<group>"; };
		526166AA1A558EF9002D73DA /* Preview Assets.xcassets */ = {isa = PBXFileReference; lastKnownFileType = folder.assetcatalog; path = "Preview Assets.xcassets"; sourceTree = "<group>"; };
		526166AC1A558EFA002D73DA /* Persistence.swift */ = {isa = PBXFileReference; lastKnownFileType = sourcecode.swift; path = Persistence.swift; sourceTree = "<group>"; };
		526166AF1A558EFA002D73DA /* Final.xcdatamodel */ = {isa = PBXFileReference; lastKnownFileType = wrapper.xcdatamodel; path = Final.xcdatamodel; sourceTree = "<group>"; };
		526166B51A558EFA002D73DA /* FinalTests.xctest */ = {isa = PBXFileReference; explicitFileType = wrapper.cfbundle; includeInIndex = 0; path = FinalTests.xctest; sourceTree = BUILT_PRODUCTS_DIR; };
		526166B91A558EFA002D73DA /* FinalTests.swift */ = {isa = PBXFileReference; lastKnownFileType = sourcecode.swift; path = FinalTests.swift; sourceTree = "<group>"; };
		526166BF1A558EFA002D73DA /* FinalUITests.xctest */ = {isa = PBXFileReference; explicitFileType = wrapper.cfbundle; includeInIndex = 0; path = FinalUITests.xctest; sourceTree = BUILT_PRODUCTS_DIR; };
		526166C31A558EFA002D73DA /* FinalUITests.swift */ = {isa = PBXFileReference; lastKnownFileType = sourcecode.swift; path = FinalUITests.swift; sourceTree = "<group>"; };
		526166C51A558EFA002D73DA /* FinalUITestsLaunchTests.swift */ = {isa = PBXFileReference; lastKnownFileType = sourcecode.swift; path = FinalUITestsLaunchTests.swift; sourceTree = "<group>"; };
		529676BA29A49BF300DF6267 /* NoWidthTextField.swift */ = {isa = PBXFileReference; lastKnownFileType = sourcecode.swift; path = NoWidthTextField.swift; sourceTree = "<group>"; };
		529676BC29A4B57100DF6267 /* HomePage.swift */ = {isa = PBXFileReference; lastKnownFileType = sourcecode.swift; path = HomePage.swift; sourceTree = "<group>"; };
		529676BE29A4B62600DF6267 /* DeliveryMenu.swift */ = {isa = PBXFileReference; lastKnownFileType = sourcecode.swift; path = DeliveryMenu.swift; sourceTree = "<group>"; };
		529676C029A4B66200DF6267 /* GroceryMenu.swift */ = {isa = PBXFileReference; lastKnownFileType = sourcecode.swift; path = GroceryMenu.swift; sourceTree = "<group>"; };
		52BB038729AF50A8008D0AC7 /* FoodItemCell.swift */ = {isa = PBXFileReference; lastKnownFileType = sourcecode.swift; path = FoodItemCell.swift; sourceTree = "<group>"; };
		52C8707D299E147C00491700 /* LoginPage.swift */ = {isa = PBXFileReference; lastKnownFileType = sourcecode.swift; path = LoginPage.swift; sourceTree = "<group>"; };
		52C87081299E20B800491700 /* CustomPrimaryButton.swift */ = {isa = PBXFileReference; lastKnownFileType = sourcecode.swift; path = CustomPrimaryButton.swift; sourceTree = "<group>"; };
		52C87083299E213A00491700 /* CustomSecondaryButton.swift */ = {isa = PBXFileReference; lastKnownFileType = sourcecode.swift; path = CustomSecondaryButton.swift; sourceTree = "<group>"; };
		52C87085299E247C00491700 /* FirstPage.swift */ = {isa = PBXFileReference; lastKnownFileType = sourcecode.swift; path = FirstPage.swift; sourceTree = "<group>"; };
/* End PBXFileReference section */

/* Begin PBXFrameworksBuildPhase section */
		5261669D1A558EF8002D73DA /* Frameworks */ = {
			isa = PBXFrameworksBuildPhase;
			buildActionMask = 2147483647;
			files = (
			);
			runOnlyForDeploymentPostprocessing = 0;
		};
		526166B21A558EFA002D73DA /* Frameworks */ = {
			isa = PBXFrameworksBuildPhase;
			buildActionMask = 2147483647;
			files = (
			);
			runOnlyForDeploymentPostprocessing = 0;
		};
		526166BC1A558EFA002D73DA /* Frameworks */ = {
			isa = PBXFrameworksBuildPhase;
			buildActionMask = 2147483647;
			files = (
			);
			runOnlyForDeploymentPostprocessing = 0;
		};
/* End PBXFrameworksBuildPhase section */

/* Begin PBXGroup section */
		526166971A558EF8002D73DA = {
			isa = PBXGroup;
			children = (
				526166A21A558EF8002D73DA /* Final */,
				526166B81A558EFA002D73DA /* FinalTests */,
				526166C21A558EFA002D73DA /* FinalUITests */,
				526166A11A558EF8002D73DA /* Products */,
			);
			sourceTree = "<group>";
		};
		526166A11A558EF8002D73DA /* Products */ = {
			isa = PBXGroup;
			children = (
				526166A01A558EF8002D73DA /* Final.app */,
				526166B51A558EFA002D73DA /* FinalTests.xctest */,
				526166BF1A558EFA002D73DA /* FinalUITests.xctest */,
			);
			name = Products;
			sourceTree = "<group>";
		};
		526166A21A558EF8002D73DA /* Final */ = {
			isa = PBXGroup;
			children = (
				526166AC1A558EFA002D73DA /* Persistence.swift */,
				526166A31A558EF8002D73DA /* FinalApp.swift */,
				523E4B49404803F700ED87DD /* LoadingScreen.swift */,
				523164B540398D01001EB0FB /* CommonMethods.swift */,
				52329D7629B72B3A00F7E9F5 /* NetworkManager.swift */,
				52329D7829B72BEB00F7E9F5 /* RestaurantModel.swift */,
				5238A3D129B993C200932482 /* DishModel.swift */,
				5233AAEF29ADE4870033B5C8 /* CustomNavigation.swift */,
				5237A6F429BF0AD7001EB134 /* DatabaseHelper.swift */,
				52C87085299E247C00491700 /* FirstPage.swift */,
				526166A51A558EF8002D73DA /* ContentView.swift */,
				52C8707D299E147C00491700 /* LoginPage.swift */,
				529676BC29A4B57100DF6267 /* HomePage.swift */,
				5238223E29C43A08006EE550 /* CartItemDish+CoreDataClass.swift */,
				5238223F29C43A08006EE550 /* CartItemDish+CoreDataProperties.swift */,
				5238224029C43A08006EE550 /* UserData+CoreDataClass.swift */,
				5238224129C43A08006EE550 /* UserData+CoreDataProperties.swift */,
				523E4B4B404803F700ED87DD /* RestaurantHomePage.swift */,
				529676C029A4B66200DF6267 /* GroceryMenu.swift */,
				523819F829A5D1EB00C5F0F7 /* Cart.swift */,
				522D978629AC97D800803BD9 /* Profile.swift */,
				529676BE29A4B62600DF6267 /* DeliveryMenu.swift */,
				52BB038729AF50A8008D0AC7 /* FoodItemCell.swift */,
				5211AEC44036E94200A97240 /* LaunchScreen.swift */,
				52C87081299E20B800491700 /* CustomPrimaryButton.swift */,
				52C87083299E213A00491700 /* CustomSecondaryButton.swift */,
				5211AEC84036EAD900A97240 /* CustomTextField.swift */,
				529676BA29A49BF300DF6267 /* NoWidthTextField.swift */,
				523819FA29A61E0000C5F0F7 /* TempSave.swift */,
				5233AAF129ADF0720033B5C8 /* temp.swift */,
				526166A71A558EF9002D73DA /* Assets.xcassets */,
				5211AEC64036EAD900A97240 /* Launch Screen.storyboard */,
				526166AE1A558EFA002D73DA /* Final.xcdatamodeld */,
				526166A91A558EF9002D73DA /* Preview Content */,
			);
			path = Final;
			sourceTree = "<group>";
		};
		526166A91A558EF9002D73DA /* Preview Content */ = {
			isa = PBXGroup;
			children = (
				526166AA1A558EF9002D73DA /* Preview Assets.xcassets */,
			);
			path = "Preview Content";
			sourceTree = "<group>";
		};
		526166B81A558EFA002D73DA /* FinalTests */ = {
			isa = PBXGroup;
			children = (
				526166B91A558EFA002D73DA /* FinalTests.swift */,
			);
			path = FinalTests;
			sourceTree = "<group>";
		};
		526166C21A558EFA002D73DA /* FinalUITests */ = {
			isa = PBXGroup;
			children = (
				526166C31A558EFA002D73DA /* FinalUITests.swift */,
				526166C51A558EFA002D73DA /* FinalUITestsLaunchTests.swift */,
			);
			path = FinalUITests;
			sourceTree = "<group>";
		};
/* End PBXGroup section */

/* Begin PBXNativeTarget section */
		5261669F1A558EF8002D73DA /* Final */ = {
			isa = PBXNativeTarget;
			buildConfigurationList = 526166C91A558EFA002D73DA /* Build configuration list for PBXNativeTarget "Final" */;
			buildPhases = (
				5261669C1A558EF8002D73DA /* Sources */,
				5261669D1A558EF8002D73DA /* Frameworks */,
				5261669E1A558EF8002D73DA /* Resources */,
			);
			buildRules = (
			);
			dependencies = (
			);
			name = Final;
			productName = Final;
			productReference = 526166A01A558EF8002D73DA /* Final.app */;
			productType = "com.apple.product-type.application";
		};
		526166B41A558EFA002D73DA /* FinalTests */ = {
			isa = PBXNativeTarget;
			buildConfigurationList = 526166CC1A558EFA002D73DA /* Build configuration list for PBXNativeTarget "FinalTests" */;
			buildPhases = (
				526166B11A558EFA002D73DA /* Sources */,
				526166B21A558EFA002D73DA /* Frameworks */,
				526166B31A558EFA002D73DA /* Resources */,
			);
			buildRules = (
			);
			dependencies = (
				526166B71A558EFA002D73DA /* PBXTargetDependency */,
			);
			name = FinalTests;
			productName = FinalTests;
			productReference = 526166B51A558EFA002D73DA /* FinalTests.xctest */;
			productType = "com.apple.product-type.bundle.unit-test";
		};
		526166BE1A558EFA002D73DA /* FinalUITests */ = {
			isa = PBXNativeTarget;
			buildConfigurationList = 526166CF1A558EFA002D73DA /* Build configuration list for PBXNativeTarget "FinalUITests" */;
			buildPhases = (
				526166BB1A558EFA002D73DA /* Sources */,
				526166BC1A558EFA002D73DA /* Frameworks */,
				526166BD1A558EFA002D73DA /* Resources */,
			);
			buildRules = (
			);
			dependencies = (
				526166C11A558EFA002D73DA /* PBXTargetDependency */,
			);
			name = FinalUITests;
			productName = FinalUITests;
			productReference = 526166BF1A558EFA002D73DA /* FinalUITests.xctest */;
			productType = "com.apple.product-type.bundle.ui-testing";
		};
/* End PBXNativeTarget section */

/* Begin PBXProject section */
		526166981A558EF8002D73DA /* Project object */ = {
			isa = PBXProject;
			attributes = {
				BuildIndependentTargetsInParallel = 1;
				LastSwiftUpdateCheck = 1420;
				LastUpgradeCheck = 1420;
				TargetAttributes = {
					5261669F1A558EF8002D73DA = {
						CreatedOnToolsVersion = 14.2;
					};
					526166B41A558EFA002D73DA = {
						CreatedOnToolsVersion = 14.2;
						TestTargetID = 5261669F1A558EF8002D73DA;
					};
					526166BE1A558EFA002D73DA = {
						CreatedOnToolsVersion = 14.2;
						TestTargetID = 5261669F1A558EF8002D73DA;
					};
				};
			};
			buildConfigurationList = 5261669B1A558EF8002D73DA /* Build configuration list for PBXProject "Final" */;
			compatibilityVersion = "Xcode 14.0";
			developmentRegion = en;
			hasScannedForEncodings = 0;
			knownRegions = (
				en,
				Base,
			);
			mainGroup = 526166971A558EF8002D73DA;
			productRefGroup = 526166A11A558EF8002D73DA /* Products */;
			projectDirPath = "";
			projectRoot = "";
			targets = (
				5261669F1A558EF8002D73DA /* Final */,
				526166B41A558EFA002D73DA /* FinalTests */,
				526166BE1A558EFA002D73DA /* FinalUITests */,
			);
		};
/* End PBXProject section */

/* Begin PBXResourcesBuildPhase section */
		5261669E1A558EF8002D73DA /* Resources */ = {
			isa = PBXResourcesBuildPhase;
			buildActionMask = 2147483647;
			files = (
				5211AEC74036EAD900A97240 /* Launch Screen.storyboard in Resources */,
				526166AB1A558EF9002D73DA /* Preview Assets.xcassets in Resources */,
				526166A81A558EF9002D73DA /* Assets.xcassets in Resources */,
			);
			runOnlyForDeploymentPostprocessing = 0;
		};
		526166B31A558EFA002D73DA /* Resources */ = {
			isa = PBXResourcesBuildPhase;
			buildActionMask = 2147483647;
			files = (
			);
			runOnlyForDeploymentPostprocessing = 0;
		};
		526166BD1A558EFA002D73DA /* Resources */ = {
			isa = PBXResourcesBuildPhase;
			buildActionMask = 2147483647;
			files = (
			);
			runOnlyForDeploymentPostprocessing = 0;
		};
/* End PBXResourcesBuildPhase section */

/* Begin PBXSourcesBuildPhase section */
		5261669C1A558EF8002D73DA /* Sources */ = {
			isa = PBXSourcesBuildPhase;
			buildActionMask = 2147483647;
			files = (
				5238224429C43A08006EE550 /* UserData+CoreDataClass.swift in Sources */,
				529676BB29A49BF300DF6267 /* NoWidthTextField.swift in Sources */,
				5237A6F529BF0AD7001EB134 /* DatabaseHelper.swift in Sources */,
				526166B01A558EFA002D73DA /* Final.xcdatamodeld in Sources */,
				529676BF29A4B62600DF6267 /* DeliveryMenu.swift in Sources */,
				523819FB29A61E0000C5F0F7 /* TempSave.swift in Sources */,
				523E4B4C404803F700ED87DD /* RestaurantHomePage.swift in Sources */,
				52C87086299E247C00491700 /* FirstPage.swift in Sources */,
				5233AAF029ADE4870033B5C8 /* CustomNavigation.swift in Sources */,
				52C87082299E20B800491700 /* CustomPrimaryButton.swift in Sources */,
				526166AD1A558EFA002D73DA /* Persistence.swift in Sources */,
				5238A3D229B993C200932482 /* DishModel.swift in Sources */,
				522D978729AC97D800803BD9 /* Profile.swift in Sources */,
				529676C129A4B66200DF6267 /* GroceryMenu.swift in Sources */,
				5211AEC94036EAD900A97240 /* CustomTextField.swift in Sources */,
				5238224329C43A08006EE550 /* CartItemDish+CoreDataProperties.swift in Sources */,
				52329D7729B72B3A00F7E9F5 /* NetworkManager.swift in Sources */,
				529676BD29A4B57100DF6267 /* HomePage.swift in Sources */,
				5238224229C43A08006EE550 /* CartItemDish+CoreDataClass.swift in Sources */,
				52329D7929B72BEB00F7E9F5 /* RestaurantModel.swift in Sources */,
				523E4B4A404803F700ED87DD /* LoadingScreen.swift in Sources */,
				52BB038829AF50A8008D0AC7 /* FoodItemCell.swift in Sources */,
				5211AEC54036E94200A97240 /* LaunchScreen.swift in Sources */,
				523164B640398D01001EB0FB /* CommonMethods.swift in Sources */,
				52C8707E299E147C00491700 /* LoginPage.swift in Sources */,
				52C87084299E213A00491700 /* CustomSecondaryButton.swift in Sources */,
				526166A61A558EF8002D73DA /* ContentView.swift in Sources */,
				526166A41A558EF8002D73DA /* FinalApp.swift in Sources */,
				5238224529C43A08006EE550 /* UserData+CoreDataProperties.swift in Sources */,
				523819F929A5D1EB00C5F0F7 /* Cart.swift in Sources */,
				5233AAF229ADF0720033B5C8 /* temp.swift in Sources */,
			);
			runOnlyForDeploymentPostprocessing = 0;
		};
		526166B11A558EFA002D73DA /* Sources */ = {
			isa = PBXSourcesBuildPhase;
			buildActionMask = 2147483647;
			files = (
				526166BA1A558EFA002D73DA /* FinalTests.swift in Sources */,
			);
			runOnlyForDeploymentPostprocessing = 0;
		};
		526166BB1A558EFA002D73DA /* Sources */ = {
			isa = PBXSourcesBuildPhase;
			buildActionMask = 2147483647;
			files = (
				526166C41A558EFA002D73DA /* FinalUITests.swift in Sources */,
				526166C61A558EFA002D73DA /* FinalUITestsLaunchTests.swift in Sources */,
			);
			runOnlyForDeploymentPostprocessing = 0;
		};
/* End PBXSourcesBuildPhase section */

/* Begin PBXTargetDependency section */
		526166B71A558EFA002D73DA /* PBXTargetDependency */ = {
			isa = PBXTargetDependency;
			target = 5261669F1A558EF8002D73DA /* Final */;
			targetProxy = 526166B61A558EFA002D73DA /* PBXContainerItemProxy */;
		};
		526166C11A558EFA002D73DA /* PBXTargetDependency */ = {
			isa = PBXTargetDependency;
			target = 5261669F1A558EF8002D73DA /* Final */;
			targetProxy = 526166C01A558EFA002D73DA /* PBXContainerItemProxy */;
		};
/* End PBXTargetDependency section */

/* Begin XCBuildConfiguration section */
		526166C71A558EFA002D73DA /* Debug */ = {
			isa = XCBuildConfiguration;
			buildSettings = {
				ALWAYS_SEARCH_USER_PATHS = NO;
				CLANG_ANALYZER_NONNULL = YES;
				CLANG_ANALYZER_NUMBER_OBJECT_CONVERSION = YES_AGGRESSIVE;
				CLANG_CXX_LANGUAGE_STANDARD = "gnu++20";
				CLANG_ENABLE_MODULES = YES;
				CLANG_ENABLE_OBJC_ARC = YES;
				CLANG_ENABLE_OBJC_WEAK = YES;
				CLANG_WARN_BLOCK_CAPTURE_AUTORELEASING = YES;
				CLANG_WARN_BOOL_CONVERSION = YES;
				CLANG_WARN_COMMA = YES;
				CLANG_WARN_CONSTANT_CONVERSION = YES;
				CLANG_WARN_DEPRECATED_OBJC_IMPLEMENTATIONS = YES;
				CLANG_WARN_DIRECT_OBJC_ISA_USAGE = YES_ERROR;
				CLANG_WARN_DOCUMENTATION_COMMENTS = YES;
				CLANG_WARN_EMPTY_BODY = YES;
				CLANG_WARN_ENUM_CONVERSION = YES;
				CLANG_WARN_INFINITE_RECURSION = YES;
				CLANG_WARN_INT_CONVERSION = YES;
				CLANG_WARN_NON_LITERAL_NULL_CONVERSION = YES;
				CLANG_WARN_OBJC_IMPLICIT_RETAIN_SELF = YES;
				CLANG_WARN_OBJC_LITERAL_CONVERSION = YES;
				CLANG_WARN_OBJC_ROOT_CLASS = YES_ERROR;
				CLANG_WARN_QUOTED_INCLUDE_IN_FRAMEWORK_HEADER = YES;
				CLANG_WARN_RANGE_LOOP_ANALYSIS = YES;
				CLANG_WARN_STRICT_PROTOTYPES = YES;
				CLANG_WARN_SUSPICIOUS_MOVE = YES;
				CLANG_WARN_UNGUARDED_AVAILABILITY = YES_AGGRESSIVE;
				CLANG_WARN_UNREACHABLE_CODE = YES;
				CLANG_WARN__DUPLICATE_METHOD_MATCH = YES;
				COPY_PHASE_STRIP = NO;
				DEBUG_INFORMATION_FORMAT = dwarf;
				ENABLE_STRICT_OBJC_MSGSEND = YES;
				ENABLE_TESTABILITY = YES;
				GCC_C_LANGUAGE_STANDARD = gnu11;
				GCC_DYNAMIC_NO_PIC = NO;
				GCC_NO_COMMON_BLOCKS = YES;
				GCC_OPTIMIZATION_LEVEL = 0;
				GCC_PREPROCESSOR_DEFINITIONS = (
					"DEBUG=1",
					"$(inherited)",
				);
				GCC_WARN_64_TO_32_BIT_CONVERSION = YES;
				GCC_WARN_ABOUT_RETURN_TYPE = YES_ERROR;
				GCC_WARN_UNDECLARED_SELECTOR = YES;
				GCC_WARN_UNINITIALIZED_AUTOS = YES_AGGRESSIVE;
				GCC_WARN_UNUSED_FUNCTION = YES;
				GCC_WARN_UNUSED_VARIABLE = YES;
				IPHONEOS_DEPLOYMENT_TARGET = 16.2;
				MTL_ENABLE_DEBUG_INFO = INCLUDE_SOURCE;
				MTL_FAST_MATH = YES;
				ONLY_ACTIVE_ARCH = YES;
				SDKROOT = iphoneos;
				SWIFT_ACTIVE_COMPILATION_CONDITIONS = DEBUG;
				SWIFT_OPTIMIZATION_LEVEL = "-Onone";
			};
			name = Debug;
		};
		526166C81A558EFA002D73DA /* Release */ = {
			isa = XCBuildConfiguration;
			buildSettings = {
				ALWAYS_SEARCH_USER_PATHS = NO;
				CLANG_ANALYZER_NONNULL = YES;
				CLANG_ANALYZER_NUMBER_OBJECT_CONVERSION = YES_AGGRESSIVE;
				CLANG_CXX_LANGUAGE_STANDARD = "gnu++20";
				CLANG_ENABLE_MODULES = YES;
				CLANG_ENABLE_OBJC_ARC = YES;
				CLANG_ENABLE_OBJC_WEAK = YES;
				CLANG_WARN_BLOCK_CAPTURE_AUTORELEASING = YES;
				CLANG_WARN_BOOL_CONVERSION = YES;
				CLANG_WARN_COMMA = YES;
				CLANG_WARN_CONSTANT_CONVERSION = YES;
				CLANG_WARN_DEPRECATED_OBJC_IMPLEMENTATIONS = YES;
				CLANG_WARN_DIRECT_OBJC_ISA_USAGE = YES_ERROR;
				CLANG_WARN_DOCUMENTATION_COMMENTS = YES;
				CLANG_WARN_EMPTY_BODY = YES;
				CLANG_WARN_ENUM_CONVERSION = YES;
				CLANG_WARN_INFINITE_RECURSION = YES;
				CLANG_WARN_INT_CONVERSION = YES;
				CLANG_WARN_NON_LITERAL_NULL_CONVERSION = YES;
				CLANG_WARN_OBJC_IMPLICIT_RETAIN_SELF = YES;
				CLANG_WARN_OBJC_LITERAL_CONVERSION = YES;
				CLANG_WARN_OBJC_ROOT_CLASS = YES_ERROR;
				CLANG_WARN_QUOTED_INCLUDE_IN_FRAMEWORK_HEADER = YES;
				CLANG_WARN_RANGE_LOOP_ANALYSIS = YES;
				CLANG_WARN_STRICT_PROTOTYPES = YES;
				CLANG_WARN_SUSPICIOUS_MOVE = YES;
				CLANG_WARN_UNGUARDED_AVAILABILITY = YES_AGGRESSIVE;
				CLANG_WARN_UNREACHABLE_CODE = YES;
				CLANG_WARN__DUPLICATE_METHOD_MATCH = YES;
				COPY_PHASE_STRIP = NO;
				DEBUG_INFORMATION_FORMAT = "dwarf-with-dsym";
				ENABLE_NS_ASSERTIONS = NO;
				ENABLE_STRICT_OBJC_MSGSEND = YES;
				GCC_C_LANGUAGE_STANDARD = gnu11;
				GCC_NO_COMMON_BLOCKS = YES;
				GCC_WARN_64_TO_32_BIT_CONVERSION = YES;
				GCC_WARN_ABOUT_RETURN_TYPE = YES_ERROR;
				GCC_WARN_UNDECLARED_SELECTOR = YES;
				GCC_WARN_UNINITIALIZED_AUTOS = YES_AGGRESSIVE;
				GCC_WARN_UNUSED_FUNCTION = YES;
				GCC_WARN_UNUSED_VARIABLE = YES;
				IPHONEOS_DEPLOYMENT_TARGET = 16.2;
				MTL_ENABLE_DEBUG_INFO = NO;
				MTL_FAST_MATH = YES;
				SDKROOT = iphoneos;
				SWIFT_COMPILATION_MODE = wholemodule;
				SWIFT_OPTIMIZATION_LEVEL = "-O";
				VALIDATE_PRODUCT = YES;
			};
			name = Release;
		};
		526166CA1A558EFA002D73DA /* Debug */ = {
			isa = XCBuildConfiguration;
			buildSettings = {
				ASSETCATALOG_COMPILER_APPICON_NAME = AppIcon;
				ASSETCATALOG_COMPILER_GLOBAL_ACCENT_COLOR_NAME = AccentColor;
				CODE_SIGN_STYLE = Automatic;
				CURRENT_PROJECT_VERSION = 1;
				DEVELOPMENT_ASSET_PATHS = "\"Final/Preview Content\"";
				ENABLE_PREVIEWS = YES;
				GENERATE_INFOPLIST_FILE = YES;
				INFOPLIST_KEY_UIApplicationSceneManifest_Generation = YES;
				INFOPLIST_KEY_UIApplicationSupportsIndirectInputEvents = YES;
				INFOPLIST_KEY_UILaunchScreen_Generation = YES;
				INFOPLIST_KEY_UILaunchStoryboardName = "Launch Screen.storyboard";
				INFOPLIST_KEY_UIRequiresFullScreen = YES;
				INFOPLIST_KEY_UIStatusBarStyle = "";
				INFOPLIST_KEY_UISupportedInterfaceOrientations = UIInterfaceOrientationPortrait;
				INFOPLIST_KEY_UISupportedInterfaceOrientations_iPad = "UIInterfaceOrientationLandscapeLeft UIInterfaceOrientationPortrait";
				LD_RUNPATH_SEARCH_PATHS = (
					"$(inherited)",
					"@executable_path/Frameworks",
				);
				MARKETING_VERSION = 1.0;
				PRODUCT_BUNDLE_IDENTIFIER = daksh.Final;
				PRODUCT_NAME = "$(TARGET_NAME)";
				SWIFT_EMIT_LOC_STRINGS = YES;
				SWIFT_VERSION = 5.0;
				TARGETED_DEVICE_FAMILY = "1,2";
			};
			name = Debug;
		};
		526166CB1A558EFA002D73DA /* Release */ = {
			isa = XCBuildConfiguration;
			buildSettings = {
				ASSETCATALOG_COMPILER_APPICON_NAME = AppIcon;
				ASSETCATALOG_COMPILER_GLOBAL_ACCENT_COLOR_NAME = AccentColor;
				CODE_SIGN_STYLE = Automatic;
				CURRENT_PROJECT_VERSION = 1;
				DEVELOPMENT_ASSET_PATHS = "\"Final/Preview Content\"";
				ENABLE_PREVIEWS = YES;
				GENERATE_INFOPLIST_FILE = YES;
				INFOPLIST_KEY_UIApplicationSceneManifest_Generation = YES;
				INFOPLIST_KEY_UIApplicationSupportsIndirectInputEvents = YES;
				INFOPLIST_KEY_UILaunchScreen_Generation = YES;
				INFOPLIST_KEY_UILaunchStoryboardName = "Launch Screen.storyboard";
				INFOPLIST_KEY_UIRequiresFullScreen = YES;
				INFOPLIST_KEY_UIStatusBarStyle = "";
				INFOPLIST_KEY_UISupportedInterfaceOrientations = UIInterfaceOrientationPortrait;
				INFOPLIST_KEY_UISupportedInterfaceOrientations_iPad = "UIInterfaceOrientationLandscapeLeft UIInterfaceOrientationPortrait";
				LD_RUNPATH_SEARCH_PATHS = (
					"$(inherited)",
					"@executable_path/Frameworks",
				);
				MARKETING_VERSION = 1.0;
				PRODUCT_BUNDLE_IDENTIFIER = daksh.Final;
				PRODUCT_NAME = "$(TARGET_NAME)";
				SWIFT_EMIT_LOC_STRINGS = YES;
				SWIFT_VERSION = 5.0;
				TARGETED_DEVICE_FAMILY = "1,2";
			};
			name = Release;
		};
		526166CD1A558EFA002D73DA /* Debug */ = {
			isa = XCBuildConfiguration;
			buildSettings = {
				ALWAYS_EMBED_SWIFT_STANDARD_LIBRARIES = YES;
				BUNDLE_LOADER = "$(TEST_HOST)";
				CODE_SIGN_STYLE = Automatic;
				CURRENT_PROJECT_VERSION = 1;
				GENERATE_INFOPLIST_FILE = YES;
				IPHONEOS_DEPLOYMENT_TARGET = 16.2;
				MARKETING_VERSION = 1.0;
				PRODUCT_BUNDLE_IDENTIFIER = daksh.FinalTests;
				PRODUCT_NAME = "$(TARGET_NAME)";
				SWIFT_EMIT_LOC_STRINGS = NO;
				SWIFT_VERSION = 5.0;
				TARGETED_DEVICE_FAMILY = "1,2";
				TEST_HOST = "$(BUILT_PRODUCTS_DIR)/Final.app/$(BUNDLE_EXECUTABLE_FOLDER_PATH)/Final";
			};
			name = Debug;
		};
		526166CE1A558EFA002D73DA /* Release */ = {
			isa = XCBuildConfiguration;
			buildSettings = {
				ALWAYS_EMBED_SWIFT_STANDARD_LIBRARIES = YES;
				BUNDLE_LOADER = "$(TEST_HOST)";
				CODE_SIGN_STYLE = Automatic;
				CURRENT_PROJECT_VERSION = 1;
				GENERATE_INFOPLIST_FILE = YES;
				IPHONEOS_DEPLOYMENT_TARGET = 16.2;
				MARKETING_VERSION = 1.0;
				PRODUCT_BUNDLE_IDENTIFIER = daksh.FinalTests;
				PRODUCT_NAME = "$(TARGET_NAME)";
				SWIFT_EMIT_LOC_STRINGS = NO;
				SWIFT_VERSION = 5.0;
				TARGETED_DEVICE_FAMILY = "1,2";
				TEST_HOST = "$(BUILT_PRODUCTS_DIR)/Final.app/$(BUNDLE_EXECUTABLE_FOLDER_PATH)/Final";
			};
			name = Release;
		};
		526166D01A558EFA002D73DA /* Debug */ = {
			isa = XCBuildConfiguration;
			buildSettings = {
				ALWAYS_EMBED_SWIFT_STANDARD_LIBRARIES = YES;
				CODE_SIGN_STYLE = Automatic;
				CURRENT_PROJECT_VERSION = 1;
				GENERATE_INFOPLIST_FILE = YES;
				MARKETING_VERSION = 1.0;
				PRODUCT_BUNDLE_IDENTIFIER = daksh.FinalUITests;
				PRODUCT_NAME = "$(TARGET_NAME)";
				SWIFT_EMIT_LOC_STRINGS = NO;
				SWIFT_VERSION = 5.0;
				TARGETED_DEVICE_FAMILY = "1,2";
				TEST_TARGET_NAME = Final;
			};
			name = Debug;
		};
		526166D11A558EFA002D73DA /* Release */ = {
			isa = XCBuildConfiguration;
			buildSettings = {
				ALWAYS_EMBED_SWIFT_STANDARD_LIBRARIES = YES;
				CODE_SIGN_STYLE = Automatic;
				CURRENT_PROJECT_VERSION = 1;
				GENERATE_INFOPLIST_FILE = YES;
				MARKETING_VERSION = 1.0;
				PRODUCT_BUNDLE_IDENTIFIER = daksh.FinalUITests;
				PRODUCT_NAME = "$(TARGET_NAME)";
				SWIFT_EMIT_LOC_STRINGS = NO;
				SWIFT_VERSION = 5.0;
				TARGETED_DEVICE_FAMILY = "1,2";
				TEST_TARGET_NAME = Final;
			};
			name = Release;
		};
/* End XCBuildConfiguration section */

/* Begin XCConfigurationList section */
		5261669B1A558EF8002D73DA /* Build configuration list for PBXProject "Final" */ = {
			isa = XCConfigurationList;
			buildConfigurations = (
				526166C71A558EFA002D73DA /* Debug */,
				526166C81A558EFA002D73DA /* Release */,
			);
			defaultConfigurationIsVisible = 0;
			defaultConfigurationName = Release;
		};
		526166C91A558EFA002D73DA /* Build configuration list for PBXNativeTarget "Final" */ = {
			isa = XCConfigurationList;
			buildConfigurations = (
				526166CA1A558EFA002D73DA /* Debug */,
				526166CB1A558EFA002D73DA /* Release */,
			);
			defaultConfigurationIsVisible = 0;
			defaultConfigurationName = Release;
		};
		526166CC1A558EFA002D73DA /* Build configuration list for PBXNativeTarget "FinalTests" */ = {
			isa = XCConfigurationList;
			buildConfigurations = (
				526166CD1A558EFA002D73DA /* Debug */,
				526166CE1A558EFA002D73DA /* Release */,
			);
			defaultConfigurationIsVisible = 0;
			defaultConfigurationName = Release;
		};
		526166CF1A558EFA002D73DA /* Build configuration list for PBXNativeTarget "FinalUITests" */ = {
			isa = XCConfigurationList;
			buildConfigurations = (
				526166D01A558EFA002D73DA /* Debug */,
				526166D11A558EFA002D73DA /* Release */,
			);
			defaultConfigurationIsVisible = 0;
			defaultConfigurationName = Release;
		};
/* End XCConfigurationList section */

/* Begin XCVersionGroup section */
		526166AE1A558EFA002D73DA /* Final.xcdatamodeld */ = {
			isa = XCVersionGroup;
			children = (
				526166AF1A558EFA002D73DA /* Final.xcdatamodel */,
			);
			currentVersion = 526166AF1A558EFA002D73DA /* Final.xcdatamodel */;
			path = Final.xcdatamodeld;
			sourceTree = "<group>";
			versionGroupType = wrapper.xcdatamodel;
		};
/* End XCVersionGroup section */
	};
	rootObject = 526166981A558EF8002D73DA /* Project object */;
}
